github.com/hanwen/go-fuse v1.0.0 h1:GxS9Zrn6c35/BnfiVsZVWmsG803xwE7eVRDvcf/BEVc=
github.com/hanwen/go-fuse v1.0.0/go.mod h1:unqXarDXqzAk0rt98O2tVndEPIpUgLD9+rwFisZH3Ok=
github.com/libgit2/git2go v27.10.0+incompatible h1:P7zNuI907L1Nz7ifXcYKDw9Y8xCOLrnTbyH1gqxcIX8=
github.com/libgit2/git2go v27.10.0+incompatible/go.mod h1:4bKN42efkbNYMZlvDfxGDxzl066GhpvIircZDsm8Y+Y=
golang.org/x/sys v0.0.0-20180830151530-49385e6e1522 h1:Ve1ORMCxvRmSXBwJK+t3Oy+V2vRW2OetUQBq4rJIkZE=
golang.org/x/sys v0.0.0-20180830151530-49385e6e1522/go.mod h1:STP8DvDyc/dI5b8T5hshtkjS+E42TnysNCUPdjciGhY=
